// !$*UTF8*$!
{
	archiveVersion = 1;
	classes = {
	};
	objectVersion = 51;
	objects = {

/* Begin PBXBuildFile section */
		48A8295E2496A80D008D9359 /* OrgDetailImageCell.swift in Sources */ = {isa = PBXBuildFile; fileRef = 48A8295C2496A80C008D9359 /* OrgDetailImageCell.swift */; };
		48A8295F2496A80D008D9359 /* OrgDetailImageCell.xib in Resources */ = {isa = PBXBuildFile; fileRef = 48A8295D2496A80C008D9359 /* OrgDetailImageCell.xib */; };
		48A829622496BA1B008D9359 /* OrgActionListCell.swift in Sources */ = {isa = PBXBuildFile; fileRef = 48A829602496BA1B008D9359 /* OrgActionListCell.swift */; };
		48A829632496BA1B008D9359 /* OrgActionListCell.xib in Resources */ = {isa = PBXBuildFile; fileRef = 48A829612496BA1B008D9359 /* OrgActionListCell.xib */; };
		48B331D524953095007080C7 /* TableSource.swift in Sources */ = {isa = PBXBuildFile; fileRef = 48B331D424953095007080C7 /* TableSource.swift */; };
		48B331D724953254007080C7 /* BaseTableViewCell.swift in Sources */ = {isa = PBXBuildFile; fileRef = 48B331D624953254007080C7 /* BaseTableViewCell.swift */; };
		48B331DA24967DC6007080C7 /* OrgDetailActionListCell.swift in Sources */ = {isa = PBXBuildFile; fileRef = 48B331D824967DC6007080C7 /* OrgDetailActionListCell.swift */; };
		48B331DB24967DC6007080C7 /* OrgDetailActionListCell.xib in Resources */ = {isa = PBXBuildFile; fileRef = 48B331D924967DC6007080C7 /* OrgDetailActionListCell.xib */; };
		48B331DE24967DF5007080C7 /* OrgDetailButtonCell.swift in Sources */ = {isa = PBXBuildFile; fileRef = 48B331DC24967DF5007080C7 /* OrgDetailButtonCell.swift */; };
		48B331DF24967DF5007080C7 /* OrgDetailButtonCell.xib in Resources */ = {isa = PBXBuildFile; fileRef = 48B331DD24967DF5007080C7 /* OrgDetailButtonCell.xib */; };
		48B331E224967FF0007080C7 /* OrgDetailContactCell.swift in Sources */ = {isa = PBXBuildFile; fileRef = 48B331E024967FEF007080C7 /* OrgDetailContactCell.swift */; };
		48B331E324967FF0007080C7 /* OrgDetailContactCell.xib in Resources */ = {isa = PBXBuildFile; fileRef = 48B331E124967FEF007080C7 /* OrgDetailContactCell.xib */; };
		48B4CA3C2495292C007B621E /* OrgDetail.storyboard in Resources */ = {isa = PBXBuildFile; fileRef = 48B4CA372495292C007B621E /* OrgDetail.storyboard */; };
		48B4CA3D2495292C007B621E /* OrgDetailCell.xib in Resources */ = {isa = PBXBuildFile; fileRef = 48B4CA382495292C007B621E /* OrgDetailCell.xib */; };
		48B4CA3F2495292C007B621E /* OrgDetailCell.swift in Sources */ = {isa = PBXBuildFile; fileRef = 48B4CA3A2495292C007B621E /* OrgDetailCell.swift */; };
		48B4CA402495292C007B621E /* OrgDetailViewController.swift in Sources */ = {isa = PBXBuildFile; fileRef = 48B4CA3B2495292C007B621E /* OrgDetailViewController.swift */; };
		6299F0BBDC150CDCC15D9E06 /* Pods_FullCircle.framework in Frameworks */ = {isa = PBXBuildFile; fileRef = 911D212296111CB0683AD60E /* Pods_FullCircle.framework */; };
		8642757812D7CA487627A848 /* Pods_FullCircleTests.framework in Frameworks */ = {isa = PBXBuildFile; fileRef = 58F2F8A4052B182DFF03AE11 /* Pods_FullCircleTests.framework */; };
		EA2B42BC2495B7DB00136D4F /* ProfileViewController.swift in Sources */ = {isa = PBXBuildFile; fileRef = EA2B42BB2495B7DB00136D4F /* ProfileViewController.swift */; };
		EA2B42BE2495B98800136D4F /* ProfileViewController+TableView.swift in Sources */ = {isa = PBXBuildFile; fileRef = EA2B42BD2495B98800136D4F /* ProfileViewController+TableView.swift */; };
		EA2B42C02495BD7A00136D4F /* ProfileViewController+Constraints.swift in Sources */ = {isa = PBXBuildFile; fileRef = EA2B42BF2495BD7A00136D4F /* ProfileViewController+Constraints.swift */; };
		EA2B42C42496764700136D4F /* FCDesign.swift in Sources */ = {isa = PBXBuildFile; fileRef = EA2B42C32496764700136D4F /* FCDesign.swift */; };
		EA2B42C824967A1D00136D4F /* WorkSans-Bold.ttf in Resources */ = {isa = PBXBuildFile; fileRef = EA2B42C724967A1D00136D4F /* WorkSans-Bold.ttf */; };
		EA2B42C924967A1D00136D4F /* WorkSans-Bold.ttf in Resources */ = {isa = PBXBuildFile; fileRef = EA2B42C724967A1D00136D4F /* WorkSans-Bold.ttf */; };
		EA2B42CB24967A3000136D4F /* WorkSans-Regular.ttf in Resources */ = {isa = PBXBuildFile; fileRef = EA2B42CA24967A3000136D4F /* WorkSans-Regular.ttf */; };
		EA2B42CC24967A3000136D4F /* WorkSans-Regular.ttf in Resources */ = {isa = PBXBuildFile; fileRef = EA2B42CA24967A3000136D4F /* WorkSans-Regular.ttf */; };
		EA2B42CF24967AD100136D4F /* FCHeaderLabel.swift in Sources */ = {isa = PBXBuildFile; fileRef = EA2B42CE24967AD100136D4F /* FCHeaderLabel.swift */; };
		EA2B42D024967AD100136D4F /* FCHeaderLabel.swift in Sources */ = {isa = PBXBuildFile; fileRef = EA2B42CE24967AD100136D4F /* FCHeaderLabel.swift */; };
		EA2B42D224967D5A00136D4F /* FCSubHeaderLabel.swift in Sources */ = {isa = PBXBuildFile; fileRef = EA2B42D124967D5A00136D4F /* FCSubHeaderLabel.swift */; };
		EA2B42D324967D5A00136D4F /* FCSubHeaderLabel.swift in Sources */ = {isa = PBXBuildFile; fileRef = EA2B42D124967D5A00136D4F /* FCSubHeaderLabel.swift */; };
		EA2B42D52496814700136D4F /* FCBodyLabel.swift in Sources */ = {isa = PBXBuildFile; fileRef = EA2B42D42496814700136D4F /* FCBodyLabel.swift */; };
		EA2B42D62496814700136D4F /* FCBodyLabel.swift in Sources */ = {isa = PBXBuildFile; fileRef = EA2B42D42496814700136D4F /* FCBodyLabel.swift */; };
		EA2B42D82496818400136D4F /* FCCaptionLabel.swift in Sources */ = {isa = PBXBuildFile; fileRef = EA2B42D72496818400136D4F /* FCCaptionLabel.swift */; };
		EA2B42D92496818400136D4F /* FCCaptionLabel.swift in Sources */ = {isa = PBXBuildFile; fileRef = EA2B42D72496818400136D4F /* FCCaptionLabel.swift */; };
		EA2B42DB249689BD00136D4F /* FCCellView.swift in Sources */ = {isa = PBXBuildFile; fileRef = EA2B42DA249689BD00136D4F /* FCCellView.swift */; };
		EA2B42DC249689BD00136D4F /* FCCellView.swift in Sources */ = {isa = PBXBuildFile; fileRef = EA2B42DA249689BD00136D4F /* FCCellView.swift */; };
		EA2B42DF24969A8000136D4F /* FCNavigationController.swift in Sources */ = {isa = PBXBuildFile; fileRef = EA2B42DE24969A8000136D4F /* FCNavigationController.swift */; };
		EA2B42E12496A00E00136D4F /* FCSearchBar.swift in Sources */ = {isa = PBXBuildFile; fileRef = EA2B42E02496A00E00136D4F /* FCSearchBar.swift */; };
		EAE7114A2494487A00418D64 /* AppDelegate.swift in Sources */ = {isa = PBXBuildFile; fileRef = EAE711492494487A00418D64 /* AppDelegate.swift */; };
		EAE7114C2494487A00418D64 /* SceneDelegate.swift in Sources */ = {isa = PBXBuildFile; fileRef = EAE7114B2494487A00418D64 /* SceneDelegate.swift */; };
		EAE711512494487A00418D64 /* Main.storyboard in Resources */ = {isa = PBXBuildFile; fileRef = EAE7114F2494487A00418D64 /* Main.storyboard */; };
		EAE711532494487D00418D64 /* Assets.xcassets in Resources */ = {isa = PBXBuildFile; fileRef = EAE711522494487D00418D64 /* Assets.xcassets */; };
		EAE711562494487D00418D64 /* LaunchScreen.storyboard in Resources */ = {isa = PBXBuildFile; fileRef = EAE711542494487D00418D64 /* LaunchScreen.storyboard */; };
		EAE711612494487D00418D64 /* FullCircleTests.swift in Sources */ = {isa = PBXBuildFile; fileRef = EAE711602494487D00418D64 /* FullCircleTests.swift */; };
		EAE7116C24945FAA00418D64 /* HomeTabBarController.swift in Sources */ = {isa = PBXBuildFile; fileRef = EAE7116B24945FAA00418D64 /* HomeTabBarController.swift */; };
		EAE7116E24945FCD00418D64 /* OrgListViewController.swift in Sources */ = {isa = PBXBuildFile; fileRef = EAE7116D24945FCD00418D64 /* OrgListViewController.swift */; };
		EAE7117224945FEB00418D64 /* ActionListViewController.swift in Sources */ = {isa = PBXBuildFile; fileRef = EAE7117124945FEB00418D64 /* ActionListViewController.swift */; };
		EAE7117424945FF400418D64 /* ActionDetailViewController.swift in Sources */ = {isa = PBXBuildFile; fileRef = EAE7117324945FF400418D64 /* ActionDetailViewController.swift */; };
		EAE7117A249463B400418D64 /* Organization.swift in Sources */ = {isa = PBXBuildFile; fileRef = EAE71179249463B400418D64 /* Organization.swift */; };
		EAE7117C249463CA00418D64 /* Action.swift in Sources */ = {isa = PBXBuildFile; fileRef = EAE7117B249463CA00418D64 /* Action.swift */; };
		EAE7117F249535BD00418D64 /* OrgListViewController+TableView.swift in Sources */ = {isa = PBXBuildFile; fileRef = EAE7117E249535BD00418D64 /* OrgListViewController+TableView.swift */; };
		EAE711812495362300418D64 /* OrgListViewController+Constraints.swift in Sources */ = {isa = PBXBuildFile; fileRef = EAE711802495362300418D64 /* OrgListViewController+Constraints.swift */; };
		EAE7118424953A7D00418D64 /* OrgListTableViewCell.swift in Sources */ = {isa = PBXBuildFile; fileRef = EAE7118324953A7D00418D64 /* OrgListTableViewCell.swift */; };
		EAE7118724953F1700418D64 /* OrgListTableViewCell+Constraints.swift in Sources */ = {isa = PBXBuildFile; fileRef = EAE7118624953F1700418D64 /* OrgListTableViewCell+Constraints.swift */; };
		EAE7118A249562AA00418D64 /* ActionListViewController+Constraints.swift in Sources */ = {isa = PBXBuildFile; fileRef = EAE71189249562AA00418D64 /* ActionListViewController+Constraints.swift */; };
		EAE7118C24956EAB00418D64 /* ActionListViewController+TableView.swift in Sources */ = {isa = PBXBuildFile; fileRef = EAE7118B24956EAB00418D64 /* ActionListViewController+TableView.swift */; };
		EAE7119024956F6400418D64 /* ActionListTableViewCell.swift in Sources */ = {isa = PBXBuildFile; fileRef = EAE7118F24956F6400418D64 /* ActionListTableViewCell.swift */; };
		EAE711922495707700418D64 /* ActionListTableViewCell+Constraints.swift in Sources */ = {isa = PBXBuildFile; fileRef = EAE711912495707700418D64 /* ActionListTableViewCell+Constraints.swift */; };
		EAE711942495759300418D64 /* ActionListViewController+Buttons.swift in Sources */ = {isa = PBXBuildFile; fileRef = EAE711932495759300418D64 /* ActionListViewController+Buttons.swift */; };
		FC380B58249566F300DE703D /* PersistenceHelper.swift in Sources */ = {isa = PBXBuildFile; fileRef = FC380B57249566F300DE703D /* PersistenceHelper.swift */; };
		FC380B5A2495689D00DE703D /* ActionPersistenceManager.swift in Sources */ = {isa = PBXBuildFile; fileRef = FC380B592495689D00DE703D /* ActionPersistenceManager.swift */; };
		FC380B5C2496740D00DE703D /* ActionDetailViewController+Map.swift in Sources */ = {isa = PBXBuildFile; fileRef = FC380B5B2496740D00DE703D /* ActionDetailViewController+Map.swift */; };
/* End PBXBuildFile section */

/* Begin PBXContainerItemProxy section */
		EAE7115D2494487D00418D64 /* PBXContainerItemProxy */ = {
			isa = PBXContainerItemProxy;
			containerPortal = EAE7113E2494487A00418D64 /* Project object */;
			proxyType = 1;
			remoteGlobalIDString = EAE711452494487A00418D64;
			remoteInfo = FullCircle;
		};
/* End PBXContainerItemProxy section */

/* Begin PBXFileReference section */
		28769A0811DD16EF70F6046C /* Pods-FullCircle.debug.xcconfig */ = {isa = PBXFileReference; includeInIndex = 1; lastKnownFileType = text.xcconfig; name = "Pods-FullCircle.debug.xcconfig"; path = "Target Support Files/Pods-FullCircle/Pods-FullCircle.debug.xcconfig"; sourceTree = "<group>"; };
		397BAF6C151D48409376AFF4 /* Pods-FullCircle.release.xcconfig */ = {isa = PBXFileReference; includeInIndex = 1; lastKnownFileType = text.xcconfig; name = "Pods-FullCircle.release.xcconfig"; path = "Target Support Files/Pods-FullCircle/Pods-FullCircle.release.xcconfig"; sourceTree = "<group>"; };
		48A8295C2496A80C008D9359 /* OrgDetailImageCell.swift */ = {isa = PBXFileReference; lastKnownFileType = sourcecode.swift; path = OrgDetailImageCell.swift; sourceTree = "<group>"; };
		48A8295D2496A80C008D9359 /* OrgDetailImageCell.xib */ = {isa = PBXFileReference; lastKnownFileType = file.xib; path = OrgDetailImageCell.xib; sourceTree = "<group>"; };
		48A829602496BA1B008D9359 /* OrgActionListCell.swift */ = {isa = PBXFileReference; lastKnownFileType = sourcecode.swift; path = OrgActionListCell.swift; sourceTree = "<group>"; };
		48A829612496BA1B008D9359 /* OrgActionListCell.xib */ = {isa = PBXFileReference; lastKnownFileType = file.xib; path = OrgActionListCell.xib; sourceTree = "<group>"; };
		48B331D424953095007080C7 /* TableSource.swift */ = {isa = PBXFileReference; lastKnownFileType = sourcecode.swift; path = TableSource.swift; sourceTree = "<group>"; };
		48B331D624953254007080C7 /* BaseTableViewCell.swift */ = {isa = PBXFileReference; lastKnownFileType = sourcecode.swift; path = BaseTableViewCell.swift; sourceTree = "<group>"; };
		48B331D824967DC6007080C7 /* OrgDetailActionListCell.swift */ = {isa = PBXFileReference; lastKnownFileType = sourcecode.swift; path = OrgDetailActionListCell.swift; sourceTree = "<group>"; };
		48B331D924967DC6007080C7 /* OrgDetailActionListCell.xib */ = {isa = PBXFileReference; lastKnownFileType = file.xib; path = OrgDetailActionListCell.xib; sourceTree = "<group>"; };
		48B331DC24967DF5007080C7 /* OrgDetailButtonCell.swift */ = {isa = PBXFileReference; lastKnownFileType = sourcecode.swift; path = OrgDetailButtonCell.swift; sourceTree = "<group>"; };
		48B331DD24967DF5007080C7 /* OrgDetailButtonCell.xib */ = {isa = PBXFileReference; lastKnownFileType = file.xib; path = OrgDetailButtonCell.xib; sourceTree = "<group>"; };
		48B331E024967FEF007080C7 /* OrgDetailContactCell.swift */ = {isa = PBXFileReference; lastKnownFileType = sourcecode.swift; path = OrgDetailContactCell.swift; sourceTree = "<group>"; };
		48B331E124967FEF007080C7 /* OrgDetailContactCell.xib */ = {isa = PBXFileReference; lastKnownFileType = file.xib; path = OrgDetailContactCell.xib; sourceTree = "<group>"; };
		48B4CA372495292C007B621E /* OrgDetail.storyboard */ = {isa = PBXFileReference; lastKnownFileType = file.storyboard; path = OrgDetail.storyboard; sourceTree = "<group>"; };
		48B4CA382495292C007B621E /* OrgDetailCell.xib */ = {isa = PBXFileReference; lastKnownFileType = file.xib; path = OrgDetailCell.xib; sourceTree = "<group>"; };
		48B4CA3A2495292C007B621E /* OrgDetailCell.swift */ = {isa = PBXFileReference; lastKnownFileType = sourcecode.swift; path = OrgDetailCell.swift; sourceTree = "<group>"; };
		48B4CA3B2495292C007B621E /* OrgDetailViewController.swift */ = {isa = PBXFileReference; lastKnownFileType = sourcecode.swift; path = OrgDetailViewController.swift; sourceTree = "<group>"; };
		58F2F8A4052B182DFF03AE11 /* Pods_FullCircleTests.framework */ = {isa = PBXFileReference; explicitFileType = wrapper.framework; includeInIndex = 0; path = Pods_FullCircleTests.framework; sourceTree = BUILT_PRODUCTS_DIR; };
		911D212296111CB0683AD60E /* Pods_FullCircle.framework */ = {isa = PBXFileReference; explicitFileType = wrapper.framework; includeInIndex = 0; path = Pods_FullCircle.framework; sourceTree = BUILT_PRODUCTS_DIR; };
		AF64500D599452C845188048 /* Pods-FullCircleTests.release.xcconfig */ = {isa = PBXFileReference; includeInIndex = 1; lastKnownFileType = text.xcconfig; name = "Pods-FullCircleTests.release.xcconfig"; path = "Target Support Files/Pods-FullCircleTests/Pods-FullCircleTests.release.xcconfig"; sourceTree = "<group>"; };
		CCE30EF293F3F7F561CD27A0 /* Pods-FullCircleTests.debug.xcconfig */ = {isa = PBXFileReference; includeInIndex = 1; lastKnownFileType = text.xcconfig; name = "Pods-FullCircleTests.debug.xcconfig"; path = "Target Support Files/Pods-FullCircleTests/Pods-FullCircleTests.debug.xcconfig"; sourceTree = "<group>"; };
		EA2B42BB2495B7DB00136D4F /* ProfileViewController.swift */ = {isa = PBXFileReference; lastKnownFileType = sourcecode.swift; path = ProfileViewController.swift; sourceTree = "<group>"; };
		EA2B42BD2495B98800136D4F /* ProfileViewController+TableView.swift */ = {isa = PBXFileReference; lastKnownFileType = sourcecode.swift; path = "ProfileViewController+TableView.swift"; sourceTree = "<group>"; };
		EA2B42BF2495BD7A00136D4F /* ProfileViewController+Constraints.swift */ = {isa = PBXFileReference; lastKnownFileType = sourcecode.swift; path = "ProfileViewController+Constraints.swift"; sourceTree = "<group>"; };
		EA2B42C32496764700136D4F /* FCDesign.swift */ = {isa = PBXFileReference; lastKnownFileType = sourcecode.swift; path = FCDesign.swift; sourceTree = "<group>"; };
		EA2B42C724967A1D00136D4F /* WorkSans-Bold.ttf */ = {isa = PBXFileReference; lastKnownFileType = file; path = "WorkSans-Bold.ttf"; sourceTree = "<group>"; };
		EA2B42CA24967A3000136D4F /* WorkSans-Regular.ttf */ = {isa = PBXFileReference; lastKnownFileType = file; path = "WorkSans-Regular.ttf"; sourceTree = "<group>"; };
		EA2B42CE24967AD100136D4F /* FCHeaderLabel.swift */ = {isa = PBXFileReference; lastKnownFileType = sourcecode.swift; path = FCHeaderLabel.swift; sourceTree = "<group>"; };
		EA2B42D124967D5A00136D4F /* FCSubHeaderLabel.swift */ = {isa = PBXFileReference; lastKnownFileType = sourcecode.swift; path = FCSubHeaderLabel.swift; sourceTree = "<group>"; };
		EA2B42D42496814700136D4F /* FCBodyLabel.swift */ = {isa = PBXFileReference; lastKnownFileType = sourcecode.swift; path = FCBodyLabel.swift; sourceTree = "<group>"; };
		EA2B42D72496818400136D4F /* FCCaptionLabel.swift */ = {isa = PBXFileReference; lastKnownFileType = sourcecode.swift; path = FCCaptionLabel.swift; sourceTree = "<group>"; };
		EA2B42DA249689BD00136D4F /* FCCellView.swift */ = {isa = PBXFileReference; lastKnownFileType = sourcecode.swift; path = FCCellView.swift; sourceTree = "<group>"; };
		EA2B42DE24969A8000136D4F /* FCNavigationController.swift */ = {isa = PBXFileReference; lastKnownFileType = sourcecode.swift; path = FCNavigationController.swift; sourceTree = "<group>"; };
		EA2B42E02496A00E00136D4F /* FCSearchBar.swift */ = {isa = PBXFileReference; lastKnownFileType = sourcecode.swift; path = FCSearchBar.swift; sourceTree = "<group>"; };
		EAE711462494487A00418D64 /* FullCircle.app */ = {isa = PBXFileReference; explicitFileType = wrapper.application; includeInIndex = 0; path = FullCircle.app; sourceTree = BUILT_PRODUCTS_DIR; };
		EAE711492494487A00418D64 /* AppDelegate.swift */ = {isa = PBXFileReference; lastKnownFileType = sourcecode.swift; path = AppDelegate.swift; sourceTree = "<group>"; };
		EAE7114B2494487A00418D64 /* SceneDelegate.swift */ = {isa = PBXFileReference; lastKnownFileType = sourcecode.swift; path = SceneDelegate.swift; sourceTree = "<group>"; };
		EAE711502494487A00418D64 /* Base */ = {isa = PBXFileReference; lastKnownFileType = file.storyboard; name = Base; path = Base.lproj/Main.storyboard; sourceTree = "<group>"; };
		EAE711522494487D00418D64 /* Assets.xcassets */ = {isa = PBXFileReference; lastKnownFileType = folder.assetcatalog; path = Assets.xcassets; sourceTree = "<group>"; };
		EAE711552494487D00418D64 /* Base */ = {isa = PBXFileReference; lastKnownFileType = file.storyboard; name = Base; path = Base.lproj/LaunchScreen.storyboard; sourceTree = "<group>"; };
		EAE711572494487D00418D64 /* Info.plist */ = {isa = PBXFileReference; lastKnownFileType = text.plist.xml; path = Info.plist; sourceTree = "<group>"; };
		EAE7115C2494487D00418D64 /* FullCircleTests.xctest */ = {isa = PBXFileReference; explicitFileType = wrapper.cfbundle; includeInIndex = 0; path = FullCircleTests.xctest; sourceTree = BUILT_PRODUCTS_DIR; };
		EAE711602494487D00418D64 /* FullCircleTests.swift */ = {isa = PBXFileReference; lastKnownFileType = sourcecode.swift; path = FullCircleTests.swift; sourceTree = "<group>"; };
		EAE711622494487D00418D64 /* Info.plist */ = {isa = PBXFileReference; lastKnownFileType = text.plist.xml; path = Info.plist; sourceTree = "<group>"; };
		EAE7116B24945FAA00418D64 /* HomeTabBarController.swift */ = {isa = PBXFileReference; lastKnownFileType = sourcecode.swift; path = HomeTabBarController.swift; sourceTree = "<group>"; };
		EAE7116D24945FCD00418D64 /* OrgListViewController.swift */ = {isa = PBXFileReference; lastKnownFileType = sourcecode.swift; path = OrgListViewController.swift; sourceTree = "<group>"; };
		EAE7117124945FEB00418D64 /* ActionListViewController.swift */ = {isa = PBXFileReference; lastKnownFileType = sourcecode.swift; path = ActionListViewController.swift; sourceTree = "<group>"; };
		EAE7117324945FF400418D64 /* ActionDetailViewController.swift */ = {isa = PBXFileReference; lastKnownFileType = sourcecode.swift; path = ActionDetailViewController.swift; sourceTree = "<group>"; };
		EAE71179249463B400418D64 /* Organization.swift */ = {isa = PBXFileReference; lastKnownFileType = sourcecode.swift; path = Organization.swift; sourceTree = "<group>"; };
		EAE7117B249463CA00418D64 /* Action.swift */ = {isa = PBXFileReference; lastKnownFileType = sourcecode.swift; path = Action.swift; sourceTree = "<group>"; };
		EAE7117E249535BD00418D64 /* OrgListViewController+TableView.swift */ = {isa = PBXFileReference; lastKnownFileType = sourcecode.swift; path = "OrgListViewController+TableView.swift"; sourceTree = "<group>"; };
		EAE711802495362300418D64 /* OrgListViewController+Constraints.swift */ = {isa = PBXFileReference; lastKnownFileType = sourcecode.swift; path = "OrgListViewController+Constraints.swift"; sourceTree = "<group>"; };
		EAE7118324953A7D00418D64 /* OrgListTableViewCell.swift */ = {isa = PBXFileReference; lastKnownFileType = sourcecode.swift; path = OrgListTableViewCell.swift; sourceTree = "<group>"; };
		EAE7118624953F1700418D64 /* OrgListTableViewCell+Constraints.swift */ = {isa = PBXFileReference; lastKnownFileType = sourcecode.swift; path = "OrgListTableViewCell+Constraints.swift"; sourceTree = "<group>"; };
		EAE71189249562AA00418D64 /* ActionListViewController+Constraints.swift */ = {isa = PBXFileReference; lastKnownFileType = sourcecode.swift; name = "ActionListViewController+Constraints.swift"; path = "FullCircle/Views/TableViewCells/ActionListViewController+Constraints.swift"; sourceTree = SOURCE_ROOT; };
		EAE7118B24956EAB00418D64 /* ActionListViewController+TableView.swift */ = {isa = PBXFileReference; lastKnownFileType = sourcecode.swift; name = "ActionListViewController+TableView.swift"; path = "FullCircle/Views/TableViewCells/ActionListViewController+TableView.swift"; sourceTree = SOURCE_ROOT; };
		EAE7118F24956F6400418D64 /* ActionListTableViewCell.swift */ = {isa = PBXFileReference; lastKnownFileType = sourcecode.swift; name = ActionListTableViewCell.swift; path = FullCircle/Views/TableViewCells/ActionListTableViewCell.swift; sourceTree = SOURCE_ROOT; };
		EAE711912495707700418D64 /* ActionListTableViewCell+Constraints.swift */ = {isa = PBXFileReference; lastKnownFileType = sourcecode.swift; name = "ActionListTableViewCell+Constraints.swift"; path = "FullCircle/Views/TableViewCells/ActionListTableViewCell+Constraints.swift"; sourceTree = SOURCE_ROOT; };
		EAE711932495759300418D64 /* ActionListViewController+Buttons.swift */ = {isa = PBXFileReference; lastKnownFileType = sourcecode.swift; name = "ActionListViewController+Buttons.swift"; path = "FullCircle/Views/TableViewCells/ActionListViewController+Buttons.swift"; sourceTree = SOURCE_ROOT; };
		FC380B57249566F300DE703D /* PersistenceHelper.swift */ = {isa = PBXFileReference; lastKnownFileType = sourcecode.swift; path = PersistenceHelper.swift; sourceTree = "<group>"; };
		FC380B592495689D00DE703D /* ActionPersistenceManager.swift */ = {isa = PBXFileReference; lastKnownFileType = sourcecode.swift; path = ActionPersistenceManager.swift; sourceTree = "<group>"; };
		FC380B5B2496740D00DE703D /* ActionDetailViewController+Map.swift */ = {isa = PBXFileReference; lastKnownFileType = sourcecode.swift; path = "ActionDetailViewController+Map.swift"; sourceTree = "<group>"; };
/* End PBXFileReference section */

/* Begin PBXFrameworksBuildPhase section */
		EAE711432494487A00418D64 /* Frameworks */ = {
			isa = PBXFrameworksBuildPhase;
			buildActionMask = 2147483647;
			files = (
				6299F0BBDC150CDCC15D9E06 /* Pods_FullCircle.framework in Frameworks */,
			);
			runOnlyForDeploymentPostprocessing = 0;
		};
		EAE711592494487D00418D64 /* Frameworks */ = {
			isa = PBXFrameworksBuildPhase;
			buildActionMask = 2147483647;
			files = (
				8642757812D7CA487627A848 /* Pods_FullCircleTests.framework in Frameworks */,
			);
			runOnlyForDeploymentPostprocessing = 0;
		};
/* End PBXFrameworksBuildPhase section */

/* Begin PBXGroup section */
		48B331E42496813D007080C7 /* OrgDetailViewController */ = {
			isa = PBXGroup;
			children = (
				48B4CA3B2495292C007B621E /* OrgDetailViewController.swift */,
			);
			path = OrgDetailViewController;
			sourceTree = "<group>";
		};
		48B4CA4124952A10007B621E /* Cells */ = {
			isa = PBXGroup;
			children = (
				48B4CA382495292C007B621E /* OrgDetailCell.xib */,
				48B4CA3A2495292C007B621E /* OrgDetailCell.swift */,
				48B331D824967DC6007080C7 /* OrgDetailActionListCell.swift */,
				48B331D924967DC6007080C7 /* OrgDetailActionListCell.xib */,
				48B331DC24967DF5007080C7 /* OrgDetailButtonCell.swift */,
				48B331DD24967DF5007080C7 /* OrgDetailButtonCell.xib */,
				48B331E024967FEF007080C7 /* OrgDetailContactCell.swift */,
				48B331E124967FEF007080C7 /* OrgDetailContactCell.xib */,
				48A8295C2496A80C008D9359 /* OrgDetailImageCell.swift */,
				48A8295D2496A80C008D9359 /* OrgDetailImageCell.xib */,
				48A829602496BA1B008D9359 /* OrgActionListCell.swift */,
				48A829612496BA1B008D9359 /* OrgActionListCell.xib */,
			);
			path = Cells;
			sourceTree = "<group>";
		};
		CABD50E9D35E2C23C1A14846 /* Frameworks */ = {
			isa = PBXGroup;
			children = (
				911D212296111CB0683AD60E /* Pods_FullCircle.framework */,
				58F2F8A4052B182DFF03AE11 /* Pods_FullCircleTests.framework */,
			);
			name = Frameworks;
			sourceTree = "<group>";
		};
		E2C688C13B120B693527829C /* Pods */ = {
			isa = PBXGroup;
			children = (
				28769A0811DD16EF70F6046C /* Pods-FullCircle.debug.xcconfig */,
				397BAF6C151D48409376AFF4 /* Pods-FullCircle.release.xcconfig */,
				CCE30EF293F3F7F561CD27A0 /* Pods-FullCircleTests.debug.xcconfig */,
				AF64500D599452C845188048 /* Pods-FullCircleTests.release.xcconfig */,
			);
			path = Pods;
			sourceTree = "<group>";
		};
		EA2B42BA2495B7C200136D4F /* ProfileViewController */ = {
			isa = PBXGroup;
			children = (
				EA2B42BB2495B7DB00136D4F /* ProfileViewController.swift */,
				EA2B42BF2495BD7A00136D4F /* ProfileViewController+Constraints.swift */,
				EA2B42BD2495B98800136D4F /* ProfileViewController+TableView.swift */,
			);
			path = ProfileViewController;
			sourceTree = "<group>";
		};
		EA2B42C5249679D600136D4F /* Design */ = {
			isa = PBXGroup;
			children = (
				EA2B42C32496764700136D4F /* FCDesign.swift */,
				EA2B42C6249679FE00136D4F /* Fonts */,
			);
			path = Design;
			sourceTree = "<group>";
		};
		EA2B42C6249679FE00136D4F /* Fonts */ = {
			isa = PBXGroup;
			children = (
				EA2B42C724967A1D00136D4F /* WorkSans-Bold.ttf */,
				EA2B42CA24967A3000136D4F /* WorkSans-Regular.ttf */,
			);
			path = Fonts;
			sourceTree = "<group>";
		};
		EA2B42CD24967AB300136D4F /* Labels */ = {
			isa = PBXGroup;
			children = (
				EA2B42CE24967AD100136D4F /* FCHeaderLabel.swift */,
				EA2B42D124967D5A00136D4F /* FCSubHeaderLabel.swift */,
				EA2B42D42496814700136D4F /* FCBodyLabel.swift */,
				EA2B42D72496818400136D4F /* FCCaptionLabel.swift */,
			);
			path = Labels;
			sourceTree = "<group>";
		};
		EAE7113D2494487A00418D64 = {
			isa = PBXGroup;
			children = (
				EAE711482494487A00418D64 /* FullCircle */,
				EAE7115F2494487D00418D64 /* FullCircleTests */,
				EAE711472494487A00418D64 /* Products */,
				E2C688C13B120B693527829C /* Pods */,
				CABD50E9D35E2C23C1A14846 /* Frameworks */,
			);
			sourceTree = "<group>";
		};
		EAE711472494487A00418D64 /* Products */ = {
			isa = PBXGroup;
			children = (
				EAE711462494487A00418D64 /* FullCircle.app */,
				EAE7115C2494487D00418D64 /* FullCircleTests.xctest */,
			);
			name = Products;
			sourceTree = "<group>";
		};
		EAE711482494487A00418D64 /* FullCircle */ = {
			isa = PBXGroup;
			children = (
				EAE71175249461FA00418D64 /* App Lifecycle */,
				EAE71178249463A500418D64 /* Models */,
				EAE711762494623700418D64 /* Controllers */,
				EAE7117D249463FB00418D64 /* Views */,
				FC380B56249566CC00DE703D /* Persistence */,
				EAE711772494626E00418D64 /* Supporting Files */,
				EAE711572494487D00418D64 /* Info.plist */,
			);
			path = FullCircle;
			sourceTree = "<group>";
		};
		EAE7115F2494487D00418D64 /* FullCircleTests */ = {
			isa = PBXGroup;
			children = (
				EAE711602494487D00418D64 /* FullCircleTests.swift */,
				EAE711622494487D00418D64 /* Info.plist */,
			);
			path = FullCircleTests;
			sourceTree = "<group>";
		};
		EAE71175249461FA00418D64 /* App Lifecycle */ = {
			isa = PBXGroup;
			children = (
				EAE711492494487A00418D64 /* AppDelegate.swift */,
				EAE7114B2494487A00418D64 /* SceneDelegate.swift */,
				EAE711542494487D00418D64 /* LaunchScreen.storyboard */,
			);
			path = "App Lifecycle";
			sourceTree = "<group>";
		};
		EAE711762494623700418D64 /* Controllers */ = {
			isa = PBXGroup;
			children = (
				48B331E42496813D007080C7 /* OrgDetailViewController */,
				EAE7116B24945FAA00418D64 /* HomeTabBarController.swift */,
				EA2B42BA2495B7C200136D4F /* ProfileViewController */,
				EAE7118224953A4E00418D64 /* OrgListViewController */,
				EAE7118824955ED400418D64 /* ActionListViewController */,
				EAE7117324945FF400418D64 /* ActionDetailViewController.swift */,
				FC380B5B2496740D00DE703D /* ActionDetailViewController+Map.swift */,
			);
			path = Controllers;
			sourceTree = "<group>";
		};
		EAE711772494626E00418D64 /* Supporting Files */ = {
			isa = PBXGroup;
			children = (
				EAE711522494487D00418D64 /* Assets.xcassets */,
				48B331D424953095007080C7 /* TableSource.swift */,
				48B331D624953254007080C7 /* BaseTableViewCell.swift */,
				EA2B42C5249679D600136D4F /* Design */,
			);
			path = "Supporting Files";
			sourceTree = "<group>";
		};
		EAE71178249463A500418D64 /* Models */ = {
			isa = PBXGroup;
			children = (
				EAE71179249463B400418D64 /* Organization.swift */,
				EAE7117B249463CA00418D64 /* Action.swift */,
			);
			path = Models;
			sourceTree = "<group>";
		};
		EAE7117D249463FB00418D64 /* Views */ = {
			isa = PBXGroup;
			children = (
				EA2B42E02496A00E00136D4F /* FCSearchBar.swift */,
				EA2B42DE24969A8000136D4F /* FCNavigationController.swift */,
				EA2B42CD24967AB300136D4F /* Labels */,
				EAE7118524953A8300418D64 /* TableViewCells */,
				48B4CA4124952A10007B621E /* Cells */,
				EAE7114F2494487A00418D64 /* Main.storyboard */,
				48B4CA372495292C007B621E /* OrgDetail.storyboard */,
			);
			path = Views;
			sourceTree = "<group>";
		};
		EAE7118224953A4E00418D64 /* OrgListViewController */ = {
			isa = PBXGroup;
			children = (
				EAE7116D24945FCD00418D64 /* OrgListViewController.swift */,
				EAE711802495362300418D64 /* OrgListViewController+Constraints.swift */,
				EAE7117E249535BD00418D64 /* OrgListViewController+TableView.swift */,
			);
			path = OrgListViewController;
			sourceTree = "<group>";
		};
		EAE7118524953A8300418D64 /* TableViewCells */ = {
			isa = PBXGroup;
			children = (
				EA2B42DA249689BD00136D4F /* FCCellView.swift */,
				EAE7118E24956F4F00418D64 /* ActionListTVCell */,
				EAE7118D24956F2F00418D64 /* OrgListTVCell */,
			);
			path = TableViewCells;
			sourceTree = "<group>";
		};
		EAE7118824955ED400418D64 /* ActionListViewController */ = {
			isa = PBXGroup;
			children = (
				EAE7117124945FEB00418D64 /* ActionListViewController.swift */,
				EAE711932495759300418D64 /* ActionListViewController+Buttons.swift */,
				EAE71189249562AA00418D64 /* ActionListViewController+Constraints.swift */,
				EAE7118B24956EAB00418D64 /* ActionListViewController+TableView.swift */,
			);
			path = ActionListViewController;
			sourceTree = "<group>";
		};
		EAE7118D24956F2F00418D64 /* OrgListTVCell */ = {
			isa = PBXGroup;
			children = (
				EAE7118324953A7D00418D64 /* OrgListTableViewCell.swift */,
				EAE7118624953F1700418D64 /* OrgListTableViewCell+Constraints.swift */,
			);
			path = OrgListTVCell;
			sourceTree = "<group>";
		};
		EAE7118E24956F4F00418D64 /* ActionListTVCell */ = {
			isa = PBXGroup;
			children = (
				EAE7118F24956F6400418D64 /* ActionListTableViewCell.swift */,
				EAE711912495707700418D64 /* ActionListTableViewCell+Constraints.swift */,
			);
			path = ActionListTVCell;
			sourceTree = "<group>";
		};
		FC380B56249566CC00DE703D /* Persistence */ = {
			isa = PBXGroup;
			children = (
				FC380B57249566F300DE703D /* PersistenceHelper.swift */,
				FC380B592495689D00DE703D /* ActionPersistenceManager.swift */,
			);
			path = Persistence;
			sourceTree = "<group>";
		};
/* End PBXGroup section */

/* Begin PBXNativeTarget section */
		EAE711452494487A00418D64 /* FullCircle */ = {
			isa = PBXNativeTarget;
			buildConfigurationList = EAE711652494487D00418D64 /* Build configuration list for PBXNativeTarget "FullCircle" */;
			buildPhases = (
				FC7764CC07853ED164E71A84 /* [CP] Check Pods Manifest.lock */,
				EAE711422494487A00418D64 /* Sources */,
				EAE711432494487A00418D64 /* Frameworks */,
				EAE711442494487A00418D64 /* Resources */,
				10DEB5CDFDF296EBD4956EC9 /* [CP] Embed Pods Frameworks */,
			);
			buildRules = (
			);
			dependencies = (
			);
			name = FullCircle;
			productName = FullCircle;
			productReference = EAE711462494487A00418D64 /* FullCircle.app */;
			productType = "com.apple.product-type.application";
		};
		EAE7115B2494487D00418D64 /* FullCircleTests */ = {
			isa = PBXNativeTarget;
			buildConfigurationList = EAE711682494487D00418D64 /* Build configuration list for PBXNativeTarget "FullCircleTests" */;
			buildPhases = (
				D9E43CD222F74E5528759A91 /* [CP] Check Pods Manifest.lock */,
				EAE711582494487D00418D64 /* Sources */,
				EAE711592494487D00418D64 /* Frameworks */,
				EAE7115A2494487D00418D64 /* Resources */,
			);
			buildRules = (
			);
			dependencies = (
				EAE7115E2494487D00418D64 /* PBXTargetDependency */,
			);
			name = FullCircleTests;
			productName = FullCircleTests;
			productReference = EAE7115C2494487D00418D64 /* FullCircleTests.xctest */;
			productType = "com.apple.product-type.bundle.unit-test";
		};
/* End PBXNativeTarget section */

/* Begin PBXProject section */
		EAE7113E2494487A00418D64 /* Project object */ = {
			isa = PBXProject;
			attributes = {
				LastSwiftUpdateCheck = 1130;
				LastUpgradeCheck = 1130;
				ORGANIZATIONNAME = FullCircle;
				TargetAttributes = {
					EAE711452494487A00418D64 = {
						CreatedOnToolsVersion = 11.3;
					};
					EAE7115B2494487D00418D64 = {
						CreatedOnToolsVersion = 11.3;
						TestTargetID = EAE711452494487A00418D64;
					};
				};
			};
			buildConfigurationList = EAE711412494487A00418D64 /* Build configuration list for PBXProject "FullCircle" */;
			compatibilityVersion = "Xcode 9.3";
			developmentRegion = en;
			hasScannedForEncodings = 0;
			knownRegions = (
				en,
				Base,
			);
			mainGroup = EAE7113D2494487A00418D64;
			productRefGroup = EAE711472494487A00418D64 /* Products */;
			projectDirPath = "";
			projectRoot = "";
			targets = (
				EAE711452494487A00418D64 /* FullCircle */,
				EAE7115B2494487D00418D64 /* FullCircleTests */,
			);
		};
/* End PBXProject section */

/* Begin PBXResourcesBuildPhase section */
		EAE711442494487A00418D64 /* Resources */ = {
			isa = PBXResourcesBuildPhase;
			buildActionMask = 2147483647;
			files = (
				48A8295F2496A80D008D9359 /* OrgDetailImageCell.xib in Resources */,
				48B331E324967FF0007080C7 /* OrgDetailContactCell.xib in Resources */,
				48B331DF24967DF5007080C7 /* OrgDetailButtonCell.xib in Resources */,
				EAE711562494487D00418D64 /* LaunchScreen.storyboard in Resources */,
				48A829632496BA1B008D9359 /* OrgActionListCell.xib in Resources */,
				EAE711532494487D00418D64 /* Assets.xcassets in Resources */,
				48B4CA3D2495292C007B621E /* OrgDetailCell.xib in Resources */,
				48B331DB24967DC6007080C7 /* OrgDetailActionListCell.xib in Resources */,
				48B4CA3C2495292C007B621E /* OrgDetail.storyboard in Resources */,
				EAE711512494487A00418D64 /* Main.storyboard in Resources */,
				EA2B42C824967A1D00136D4F /* WorkSans-Bold.ttf in Resources */,
				EA2B42CB24967A3000136D4F /* WorkSans-Regular.ttf in Resources */,
			);
			runOnlyForDeploymentPostprocessing = 0;
		};
		EAE7115A2494487D00418D64 /* Resources */ = {
			isa = PBXResourcesBuildPhase;
			buildActionMask = 2147483647;
			files = (
				EA2B42C924967A1D00136D4F /* WorkSans-Bold.ttf in Resources */,
				EA2B42CC24967A3000136D4F /* WorkSans-Regular.ttf in Resources */,
			);
			runOnlyForDeploymentPostprocessing = 0;
		};
/* End PBXResourcesBuildPhase section */

/* Begin PBXShellScriptBuildPhase section */
		10DEB5CDFDF296EBD4956EC9 /* [CP] Embed Pods Frameworks */ = {
			isa = PBXShellScriptBuildPhase;
			buildActionMask = 2147483647;
			files = (
			);
			inputFileListPaths = (
				"${PODS_ROOT}/Target Support Files/Pods-FullCircle/Pods-FullCircle-frameworks-${CONFIGURATION}-input-files.xcfilelist",
			);
			name = "[CP] Embed Pods Frameworks";
			outputFileListPaths = (
				"${PODS_ROOT}/Target Support Files/Pods-FullCircle/Pods-FullCircle-frameworks-${CONFIGURATION}-output-files.xcfilelist",
			);
			runOnlyForDeploymentPostprocessing = 0;
			shellPath = /bin/sh;
			shellScript = "\"${PODS_ROOT}/Target Support Files/Pods-FullCircle/Pods-FullCircle-frameworks.sh\"\n";
			showEnvVarsInLog = 0;
		};
		D9E43CD222F74E5528759A91 /* [CP] Check Pods Manifest.lock */ = {
			isa = PBXShellScriptBuildPhase;
			buildActionMask = 2147483647;
			files = (
			);
			inputFileListPaths = (
			);
			inputPaths = (
				"${PODS_PODFILE_DIR_PATH}/Podfile.lock",
				"${PODS_ROOT}/Manifest.lock",
			);
			name = "[CP] Check Pods Manifest.lock";
			outputFileListPaths = (
			);
			outputPaths = (
				"$(DERIVED_FILE_DIR)/Pods-FullCircleTests-checkManifestLockResult.txt",
			);
			runOnlyForDeploymentPostprocessing = 0;
			shellPath = /bin/sh;
			shellScript = "diff \"${PODS_PODFILE_DIR_PATH}/Podfile.lock\" \"${PODS_ROOT}/Manifest.lock\" > /dev/null\nif [ $? != 0 ] ; then\n    # print error to STDERR\n    echo \"error: The sandbox is not in sync with the Podfile.lock. Run 'pod install' or update your CocoaPods installation.\" >&2\n    exit 1\nfi\n# This output is used by Xcode 'outputs' to avoid re-running this script phase.\necho \"SUCCESS\" > \"${SCRIPT_OUTPUT_FILE_0}\"\n";
			showEnvVarsInLog = 0;
		};
		FC7764CC07853ED164E71A84 /* [CP] Check Pods Manifest.lock */ = {
			isa = PBXShellScriptBuildPhase;
			buildActionMask = 2147483647;
			files = (
			);
			inputFileListPaths = (
			);
			inputPaths = (
				"${PODS_PODFILE_DIR_PATH}/Podfile.lock",
				"${PODS_ROOT}/Manifest.lock",
			);
			name = "[CP] Check Pods Manifest.lock";
			outputFileListPaths = (
			);
			outputPaths = (
				"$(DERIVED_FILE_DIR)/Pods-FullCircle-checkManifestLockResult.txt",
			);
			runOnlyForDeploymentPostprocessing = 0;
			shellPath = /bin/sh;
			shellScript = "diff \"${PODS_PODFILE_DIR_PATH}/Podfile.lock\" \"${PODS_ROOT}/Manifest.lock\" > /dev/null\nif [ $? != 0 ] ; then\n    # print error to STDERR\n    echo \"error: The sandbox is not in sync with the Podfile.lock. Run 'pod install' or update your CocoaPods installation.\" >&2\n    exit 1\nfi\n# This output is used by Xcode 'outputs' to avoid re-running this script phase.\necho \"SUCCESS\" > \"${SCRIPT_OUTPUT_FILE_0}\"\n";
			showEnvVarsInLog = 0;
		};
/* End PBXShellScriptBuildPhase section */

/* Begin PBXSourcesBuildPhase section */
		EAE711422494487A00418D64 /* Sources */ = {
			isa = PBXSourcesBuildPhase;
			buildActionMask = 2147483647;
			files = (
				EA2B42DF24969A8000136D4F /* FCNavigationController.swift in Sources */,
				EAE7119024956F6400418D64 /* ActionListTableViewCell.swift in Sources */,
				EAE7118A249562AA00418D64 /* ActionListViewController+Constraints.swift in Sources */,
				EAE7117224945FEB00418D64 /* ActionListViewController.swift in Sources */,
				EAE7118C24956EAB00418D64 /* ActionListViewController+TableView.swift in Sources */,
				EA2B42D82496818400136D4F /* FCCaptionLabel.swift in Sources */,
				EA2B42CF24967AD100136D4F /* FCHeaderLabel.swift in Sources */,
				EA2B42D52496814700136D4F /* FCBodyLabel.swift in Sources */,
				EAE711942495759300418D64 /* ActionListViewController+Buttons.swift in Sources */,
				48B331E224967FF0007080C7 /* OrgDetailContactCell.swift in Sources */,
				48B331DA24967DC6007080C7 /* OrgDetailActionListCell.swift in Sources */,
				EAE711922495707700418D64 /* ActionListTableViewCell+Constraints.swift in Sources */,
				EA2B42BC2495B7DB00136D4F /* ProfileViewController.swift in Sources */,
				EAE7117F249535BD00418D64 /* OrgListViewController+TableView.swift in Sources */,
				48B331D524953095007080C7 /* TableSource.swift in Sources */,
				FC380B5C2496740D00DE703D /* ActionDetailViewController+Map.swift in Sources */,
				EAE7117C249463CA00418D64 /* Action.swift in Sources */,
				EA2B42BE2495B98800136D4F /* ProfileViewController+TableView.swift in Sources */,
				EA2B42C02495BD7A00136D4F /* ProfileViewController+Constraints.swift in Sources */,
				EA2B42DB249689BD00136D4F /* FCCellView.swift in Sources */,
				48A829622496BA1B008D9359 /* OrgActionListCell.swift in Sources */,
				EA2B42D224967D5A00136D4F /* FCSubHeaderLabel.swift in Sources */,
				48B4CA402495292C007B621E /* OrgDetailViewController.swift in Sources */,
				FC380B5A2495689D00DE703D /* ActionPersistenceManager.swift in Sources */,
				48B331D724953254007080C7 /* BaseTableViewCell.swift in Sources */,
				EA2B42C42496764700136D4F /* FCDesign.swift in Sources */,
				EAE7114A2494487A00418D64 /* AppDelegate.swift in Sources */,
				FC380B58249566F300DE703D /* PersistenceHelper.swift in Sources */,
				48A8295E2496A80D008D9359 /* OrgDetailImageCell.swift in Sources */,
				EAE7118424953A7D00418D64 /* OrgListTableViewCell.swift in Sources */,
				EA2B42E12496A00E00136D4F /* FCSearchBar.swift in Sources */,
				EAE7117A249463B400418D64 /* Organization.swift in Sources */,
				EAE7118724953F1700418D64 /* OrgListTableViewCell+Constraints.swift in Sources */,
				EAE7116C24945FAA00418D64 /* HomeTabBarController.swift in Sources */,
				EAE7114C2494487A00418D64 /* SceneDelegate.swift in Sources */,
				48B4CA3F2495292C007B621E /* OrgDetailCell.swift in Sources */,
				EAE7117424945FF400418D64 /* ActionDetailViewController.swift in Sources */,
				EAE7116E24945FCD00418D64 /* OrgListViewController.swift in Sources */,
				EAE711812495362300418D64 /* OrgListViewController+Constraints.swift in Sources */,
				48B331DE24967DF5007080C7 /* OrgDetailButtonCell.swift in Sources */,
			);
			runOnlyForDeploymentPostprocessing = 0;
		};
		EAE711582494487D00418D64 /* Sources */ = {
			isa = PBXSourcesBuildPhase;
			buildActionMask = 2147483647;
			files = (
				EA2B42D92496818400136D4F /* FCCaptionLabel.swift in Sources */,
				EA2B42D324967D5A00136D4F /* FCSubHeaderLabel.swift in Sources */,
				EA2B42D024967AD100136D4F /* FCHeaderLabel.swift in Sources */,
				EAE711612494487D00418D64 /* FullCircleTests.swift in Sources */,
				EA2B42D62496814700136D4F /* FCBodyLabel.swift in Sources */,
				EA2B42DC249689BD00136D4F /* FCCellView.swift in Sources */,
			);
			runOnlyForDeploymentPostprocessing = 0;
		};
/* End PBXSourcesBuildPhase section */

/* Begin PBXTargetDependency section */
		EAE7115E2494487D00418D64 /* PBXTargetDependency */ = {
			isa = PBXTargetDependency;
			target = EAE711452494487A00418D64 /* FullCircle */;
			targetProxy = EAE7115D2494487D00418D64 /* PBXContainerItemProxy */;
		};
/* End PBXTargetDependency section */

/* Begin PBXVariantGroup section */
		EAE7114F2494487A00418D64 /* Main.storyboard */ = {
			isa = PBXVariantGroup;
			children = (
				EAE711502494487A00418D64 /* Base */,
			);
			name = Main.storyboard;
			sourceTree = "<group>";
		};
		EAE711542494487D00418D64 /* LaunchScreen.storyboard */ = {
			isa = PBXVariantGroup;
			children = (
				EAE711552494487D00418D64 /* Base */,
			);
			name = LaunchScreen.storyboard;
			sourceTree = "<group>";
		};
/* End PBXVariantGroup section */

/* Begin XCBuildConfiguration section */
		EAE711632494487D00418D64 /* Debug */ = {
			isa = XCBuildConfiguration;
			buildSettings = {
				ALWAYS_SEARCH_USER_PATHS = NO;
				CLANG_ANALYZER_NONNULL = YES;
				CLANG_ANALYZER_NUMBER_OBJECT_CONVERSION = YES_AGGRESSIVE;
				CLANG_CXX_LANGUAGE_STANDARD = "gnu++14";
				CLANG_CXX_LIBRARY = "libc++";
				CLANG_ENABLE_MODULES = YES;
				CLANG_ENABLE_OBJC_ARC = YES;
				CLANG_ENABLE_OBJC_WEAK = YES;
				CLANG_WARN_BLOCK_CAPTURE_AUTORELEASING = YES;
				CLANG_WARN_BOOL_CONVERSION = YES;
				CLANG_WARN_COMMA = YES;
				CLANG_WARN_CONSTANT_CONVERSION = YES;
				CLANG_WARN_DEPRECATED_OBJC_IMPLEMENTATIONS = YES;
				CLANG_WARN_DIRECT_OBJC_ISA_USAGE = YES_ERROR;
				CLANG_WARN_DOCUMENTATION_COMMENTS = YES;
				CLANG_WARN_EMPTY_BODY = YES;
				CLANG_WARN_ENUM_CONVERSION = YES;
				CLANG_WARN_INFINITE_RECURSION = YES;
				CLANG_WARN_INT_CONVERSION = YES;
				CLANG_WARN_NON_LITERAL_NULL_CONVERSION = YES;
				CLANG_WARN_OBJC_IMPLICIT_RETAIN_SELF = YES;
				CLANG_WARN_OBJC_LITERAL_CONVERSION = YES;
				CLANG_WARN_OBJC_ROOT_CLASS = YES_ERROR;
				CLANG_WARN_RANGE_LOOP_ANALYSIS = YES;
				CLANG_WARN_STRICT_PROTOTYPES = YES;
				CLANG_WARN_SUSPICIOUS_MOVE = YES;
				CLANG_WARN_UNGUARDED_AVAILABILITY = YES_AGGRESSIVE;
				CLANG_WARN_UNREACHABLE_CODE = YES;
				CLANG_WARN__DUPLICATE_METHOD_MATCH = YES;
				COPY_PHASE_STRIP = NO;
				DEBUG_INFORMATION_FORMAT = dwarf;
				ENABLE_STRICT_OBJC_MSGSEND = YES;
				ENABLE_TESTABILITY = YES;
				GCC_C_LANGUAGE_STANDARD = gnu11;
				GCC_DYNAMIC_NO_PIC = NO;
				GCC_NO_COMMON_BLOCKS = YES;
				GCC_OPTIMIZATION_LEVEL = 0;
				GCC_PREPROCESSOR_DEFINITIONS = (
					"DEBUG=1",
					"$(inherited)",
				);
				GCC_WARN_64_TO_32_BIT_CONVERSION = YES;
				GCC_WARN_ABOUT_RETURN_TYPE = YES_ERROR;
				GCC_WARN_UNDECLARED_SELECTOR = YES;
				GCC_WARN_UNINITIALIZED_AUTOS = YES_AGGRESSIVE;
				GCC_WARN_UNUSED_FUNCTION = YES;
				GCC_WARN_UNUSED_VARIABLE = YES;
				IPHONEOS_DEPLOYMENT_TARGET = 13.2;
				MTL_ENABLE_DEBUG_INFO = INCLUDE_SOURCE;
				MTL_FAST_MATH = YES;
				ONLY_ACTIVE_ARCH = YES;
				SDKROOT = iphoneos;
				SWIFT_ACTIVE_COMPILATION_CONDITIONS = DEBUG;
				SWIFT_OPTIMIZATION_LEVEL = "-Onone";
			};
			name = Debug;
		};
		EAE711642494487D00418D64 /* Release */ = {
			isa = XCBuildConfiguration;
			buildSettings = {
				ALWAYS_SEARCH_USER_PATHS = NO;
				CLANG_ANALYZER_NONNULL = YES;
				CLANG_ANALYZER_NUMBER_OBJECT_CONVERSION = YES_AGGRESSIVE;
				CLANG_CXX_LANGUAGE_STANDARD = "gnu++14";
				CLANG_CXX_LIBRARY = "libc++";
				CLANG_ENABLE_MODULES = YES;
				CLANG_ENABLE_OBJC_ARC = YES;
				CLANG_ENABLE_OBJC_WEAK = YES;
				CLANG_WARN_BLOCK_CAPTURE_AUTORELEASING = YES;
				CLANG_WARN_BOOL_CONVERSION = YES;
				CLANG_WARN_COMMA = YES;
				CLANG_WARN_CONSTANT_CONVERSION = YES;
				CLANG_WARN_DEPRECATED_OBJC_IMPLEMENTATIONS = YES;
				CLANG_WARN_DIRECT_OBJC_ISA_USAGE = YES_ERROR;
				CLANG_WARN_DOCUMENTATION_COMMENTS = YES;
				CLANG_WARN_EMPTY_BODY = YES;
				CLANG_WARN_ENUM_CONVERSION = YES;
				CLANG_WARN_INFINITE_RECURSION = YES;
				CLANG_WARN_INT_CONVERSION = YES;
				CLANG_WARN_NON_LITERAL_NULL_CONVERSION = YES;
				CLANG_WARN_OBJC_IMPLICIT_RETAIN_SELF = YES;
				CLANG_WARN_OBJC_LITERAL_CONVERSION = YES;
				CLANG_WARN_OBJC_ROOT_CLASS = YES_ERROR;
				CLANG_WARN_RANGE_LOOP_ANALYSIS = YES;
				CLANG_WARN_STRICT_PROTOTYPES = YES;
				CLANG_WARN_SUSPICIOUS_MOVE = YES;
				CLANG_WARN_UNGUARDED_AVAILABILITY = YES_AGGRESSIVE;
				CLANG_WARN_UNREACHABLE_CODE = YES;
				CLANG_WARN__DUPLICATE_METHOD_MATCH = YES;
				COPY_PHASE_STRIP = NO;
				DEBUG_INFORMATION_FORMAT = "dwarf-with-dsym";
				ENABLE_NS_ASSERTIONS = NO;
				ENABLE_STRICT_OBJC_MSGSEND = YES;
				GCC_C_LANGUAGE_STANDARD = gnu11;
				GCC_NO_COMMON_BLOCKS = YES;
				GCC_WARN_64_TO_32_BIT_CONVERSION = YES;
				GCC_WARN_ABOUT_RETURN_TYPE = YES_ERROR;
				GCC_WARN_UNDECLARED_SELECTOR = YES;
				GCC_WARN_UNINITIALIZED_AUTOS = YES_AGGRESSIVE;
				GCC_WARN_UNUSED_FUNCTION = YES;
				GCC_WARN_UNUSED_VARIABLE = YES;
				IPHONEOS_DEPLOYMENT_TARGET = 13.2;
				MTL_ENABLE_DEBUG_INFO = NO;
				MTL_FAST_MATH = YES;
				SDKROOT = iphoneos;
				SWIFT_COMPILATION_MODE = wholemodule;
				SWIFT_OPTIMIZATION_LEVEL = "-O";
				VALIDATE_PRODUCT = YES;
			};
			name = Release;
		};
		EAE711662494487D00418D64 /* Debug */ = {
			isa = XCBuildConfiguration;
			baseConfigurationReference = 28769A0811DD16EF70F6046C /* Pods-FullCircle.debug.xcconfig */;
			buildSettings = {
				ASSETCATALOG_COMPILER_APPICON_NAME = AppIcon;
				CODE_SIGN_STYLE = Automatic;
				DEVELOPMENT_TEAM = KL58X3P954;
				INFOPLIST_FILE = FullCircle/Info.plist;
				LD_RUNPATH_SEARCH_PATHS = (
					"$(inherited)",
					"@executable_path/Frameworks",
				);
				PRODUCT_BUNDLE_IDENTIFIER = FullCircle.FullCircle.levi;
				PRODUCT_NAME = "$(TARGET_NAME)";
				SWIFT_VERSION = 5.0;
				TARGETED_DEVICE_FAMILY = "1,2";
			};
			name = Debug;
		};
		EAE711672494487D00418D64 /* Release */ = {
			isa = XCBuildConfiguration;
			baseConfigurationReference = 397BAF6C151D48409376AFF4 /* Pods-FullCircle.release.xcconfig */;
			buildSettings = {
				ASSETCATALOG_COMPILER_APPICON_NAME = AppIcon;
				CODE_SIGN_STYLE = Automatic;
				DEVELOPMENT_TEAM = KL58X3P954;
				INFOPLIST_FILE = FullCircle/Info.plist;
				LD_RUNPATH_SEARCH_PATHS = (
					"$(inherited)",
					"@executable_path/Frameworks",
				);
				PRODUCT_BUNDLE_IDENTIFIER = FullCircle.FullCircle.levi;
				PRODUCT_NAME = "$(TARGET_NAME)";
				SWIFT_VERSION = 5.0;
				TARGETED_DEVICE_FAMILY = "1,2";
			};
			name = Release;
		};
		EAE711692494487D00418D64 /* Debug */ = {
			isa = XCBuildConfiguration;
			baseConfigurationReference = CCE30EF293F3F7F561CD27A0 /* Pods-FullCircleTests.debug.xcconfig */;
			buildSettings = {
				ALWAYS_EMBED_SWIFT_STANDARD_LIBRARIES = YES;
				BUNDLE_LOADER = "$(TEST_HOST)";
				CODE_SIGN_STYLE = Automatic;
				DEVELOPMENT_TEAM = 94MQ8KPB58;
				INFOPLIST_FILE = FullCircleTests/Info.plist;
				IPHONEOS_DEPLOYMENT_TARGET = 13.2;
				LD_RUNPATH_SEARCH_PATHS = (
					"$(inherited)",
					"@executable_path/Frameworks",
					"@loader_path/Frameworks",
				);
				PRODUCT_BUNDLE_IDENTIFIER = FullCircle.FullCircleTests;
				PRODUCT_NAME = "$(TARGET_NAME)";
				SWIFT_VERSION = 5.0;
				TARGETED_DEVICE_FAMILY = "1,2";
				TEST_HOST = "$(BUILT_PRODUCTS_DIR)/FullCircle.app/FullCircle";
			};
			name = Debug;
		};
		EAE7116A2494487D00418D64 /* Release */ = {
			isa = XCBuildConfiguration;
			baseConfigurationReference = AF64500D599452C845188048 /* Pods-FullCircleTests.release.xcconfig */;
			buildSettings = {
				ALWAYS_EMBED_SWIFT_STANDARD_LIBRARIES = YES;
				BUNDLE_LOADER = "$(TEST_HOST)";
				CODE_SIGN_STYLE = Automatic;
				DEVELOPMENT_TEAM = 94MQ8KPB58;
				INFOPLIST_FILE = FullCircleTests/Info.plist;
				IPHONEOS_DEPLOYMENT_TARGET = 13.2;
				LD_RUNPATH_SEARCH_PATHS = (
					"$(inherited)",
					"@executable_path/Frameworks",
					"@loader_path/Frameworks",
				);
				PRODUCT_BUNDLE_IDENTIFIER = FullCircle.FullCircleTests;
				PRODUCT_NAME = "$(TARGET_NAME)";
				SWIFT_VERSION = 5.0;
				TARGETED_DEVICE_FAMILY = "1,2";
				TEST_HOST = "$(BUILT_PRODUCTS_DIR)/FullCircle.app/FullCircle";
			};
			name = Release;
		};
/* End XCBuildConfiguration section */

/* Begin XCConfigurationList section */
		EAE711412494487A00418D64 /* Build configuration list for PBXProject "FullCircle" */ = {
			isa = XCConfigurationList;
			buildConfigurations = (
				EAE711632494487D00418D64 /* Debug */,
				EAE711642494487D00418D64 /* Release */,
			);
			defaultConfigurationIsVisible = 0;
			defaultConfigurationName = Release;
		};
		EAE711652494487D00418D64 /* Build configuration list for PBXNativeTarget "FullCircle" */ = {
			isa = XCConfigurationList;
			buildConfigurations = (
				EAE711662494487D00418D64 /* Debug */,
				EAE711672494487D00418D64 /* Release */,
			);
			defaultConfigurationIsVisible = 0;
			defaultConfigurationName = Release;
		};
		EAE711682494487D00418D64 /* Build configuration list for PBXNativeTarget "FullCircleTests" */ = {
			isa = XCConfigurationList;
			buildConfigurations = (
				EAE711692494487D00418D64 /* Debug */,
				EAE7116A2494487D00418D64 /* Release */,
			);
			defaultConfigurationIsVisible = 0;
			defaultConfigurationName = Release;
		};
/* End XCConfigurationList section */
	};
	rootObject = EAE7113E2494487A00418D64 /* Project object */;
}
